{
  "name": "project-space",
  "version": "1.0.0",
  "lockfileVersion": 1,
  "requires": true,
  "dependencies": {
    "@fengyuanchen/datepicker": {
      "version": "0.6.5",
      "resolved": "https://registry.npmjs.org/@fengyuanchen/datepicker/-/datepicker-0.6.5.tgz",
      "integrity": "sha1-e42UwBjKAulEC+KfGZk6MeOpD6k="
    },
    "animate.css": {
      "version": "3.6.1",
      "resolved": "https://registry.npmjs.org/animate.css/-/animate.css-3.6.1.tgz",
      "integrity": "sha1-TqikhVY3i8jXU1IkKWxMDaySKd4="
    },
    "include-media": {
      "version": "1.4.9",
      "resolved": "https://registry.npmjs.org/include-media/-/include-media-1.4.9.tgz",
      "integrity": "sha1-0AILe+PrLVSGiiCUNZXOOA4LxDs=",
      "dev": true
    },
    "jquery": {
      "version": "3.3.1",
      "resolved": "https://registry.npmjs.org/jquery/-/jquery-3.3.1.tgz",
      "integrity": "sha1-lYzinoHJeQ8xvneS311NlfxX+8o="
    },
    "multiple-select": {
      "version": "1.2.1",
      "resolved": "https://registry.npmjs.org/multiple-select/-/multiple-select-1.2.1.tgz",
      "integrity": "sha1-urULy65r3bKgw4HcIpSfBVCbgvs=",
      "requires": {
        "jquery": "3.3.1"
      }
    },
    "pjax": {
      "version": "0.2.6",
      "resolved": "https://registry.npmjs.org/pjax/-/pjax-0.2.6.tgz",
      "integrity": "sha1-JMX9x23zVF8c1hdUHwSXhrqrmJM="
    }
  }
}
